
Microsoft Visual Studio Solution File, Format Version 12.00
# Visual Studio 14
VisualStudioVersion = 14.0.25420.1
MinimumVisualStudioVersion = 10.0.40219.1
Project("{FAE04EC0-301F-11D3-BF4B-00C04F79EFBC}") = "UrbanSolvePlugin", "UrbanSolvePlugin\UrbanSolvePlugin.csproj", "{CA2C018A-51BC-4F46-8B20-46BFE9E86A81}"
EndProject
Global
	GlobalSection(SolutionConfigurationPlatforms) = preSolution
		Debug32|Any CPU = Debug32|Any CPU
		Debug64|Any CPU = Debug64|Any CPU
		Release|Any CPU = Release|Any CPU
	EndGlobalSection
	GlobalSection(ProjectConfigurationPlatforms) = postSolution
		{CA2C018A-51BC-4F46-8B20-46BFE9E86A81}.Debug32|Any CPU.ActiveCfg = Debug32|Any CPU
		{CA2C018A-51BC-4F46-8B20-46BFE9E86A81}.Debug32|Any CPU.Build.0 = Debug32|Any CPU
		{CA2C018A-51BC-4F46-8B20-46BFE9E86A81}.Debug32|Any CPU.Deploy.0 = Debug32|Any CPU
		{CA2C018A-51BC-4F46-8B20-46BFE9E86A81}.Debug64|Any CPU.ActiveCfg = Debug64|Any CPU
		{CA2C018A-51BC-4F46-8B20-46BFE9E86A81}.Debug64|Any CPU.Build.0 = Debug64|Any CPU
		{CA2C018A-51BC-4F46-8B20-46BFE9E86A81}.Release|Any CPU.ActiveCfg = Release|Any CPU
		{CA2C018A-51BC-4F46-8B20-46BFE9E86A81}.Release|Any CPU.Build.0 = Release|Any CPU
		{CA2C018A-51BC-4F46-8B20-46BFE9E86A81}.Release|Any CPU.Deploy.0 = Release|Any CPU
	EndGlobalSection
	GlobalSection(SolutionProperties) = preSolution
		HideSolutionNode = FALSE
	EndGlobalSection
EndGlobal
